{
  "requires": true,
  "lockfileVersion": 1,
  "dependencies": {
    "mdui": {
      "version": "0.4.0",
      "resolved": "https://registry.npmjs.org/mdui/-/mdui-0.4.0.tgz",
      "integrity": "sha512-IwyC7bohaeBXweGPf740Z6UxwG9JP7pqd2vaBkA0MNxKBTCQ7uilUUc6mQZFc3+rMNkQWtDpUeFdCedVKSjFzQ=="
    },
    "node-waves": {
      "version": "0.7.5",
      "resolved": "https://registry.npmjs.org/node-waves/-/node-waves-0.7.5.tgz",
      "integrity": "sha1-vhW8zGhVRMueaMj5IrV/uALZXP8="
    },
    "smooth-scroll": {
      "version": "12.1.5",
      "resolved": "https://registry.npmjs.org/smooth-scroll/-/smooth-scroll-12.1.5.tgz",
      "integrity": "sha1-ttjeyjcant1eo60pHvD7fnQe1B4="
    }
  }
}
